// !$*UTF8*$!
{
	archiveVersion = 1;
	classes = {
	};
	objectVersion = 46;
	objects = {

/* Begin PBXBuildFile section */
		A1BD81661BEA56CB001A397E /* AppDelegate.swift in Sources */ = {isa = PBXBuildFile; fileRef = A1BD81651BEA56CB001A397E /* AppDelegate.swift */; };
		A1BD81691BEA56CB001A397E /* FlashCodeCalculatorForPad.xcdatamodeld in Sources */ = {isa = PBXBuildFile; fileRef = A1BD81671BEA56CB001A397E /* FlashCodeCalculatorForPad.xcdatamodeld */; };
		A1BD816B1BEA56CB001A397E /* ViewController.swift in Sources */ = {isa = PBXBuildFile; fileRef = A1BD816A1BEA56CB001A397E /* ViewController.swift */; };
		A1BD816E1BEA56CB001A397E /* Main.storyboard in Resources */ = {isa = PBXBuildFile; fileRef = A1BD816C1BEA56CB001A397E /* Main.storyboard */; };
		A1BD81701BEA56CB001A397E /* Images.xcassets in Resources */ = {isa = PBXBuildFile; fileRef = A1BD816F1BEA56CB001A397E /* Images.xcassets */; };
		A1BD81731BEA56CB001A397E /* LaunchScreen.xib in Resources */ = {isa = PBXBuildFile; fileRef = A1BD81711BEA56CB001A397E /* LaunchScreen.xib */; };
		A1BD817F1BEA56CB001A397E /* FlashCodeCalculatorForPadTests.swift in Sources */ = {isa = PBXBuildFile; fileRef = A1BD817E1BEA56CB001A397E /* FlashCodeCalculatorForPadTests.swift */; };
/* End PBXBuildFile section */

/* Begin PBXContainerItemProxy section */
		A1BD81791BEA56CB001A397E /* PBXContainerItemProxy */ = {
			isa = PBXContainerItemProxy;
			containerPortal = A1BD81581BEA56CB001A397E /* Project object */;
			proxyType = 1;
			remoteGlobalIDString = A1BD815F1BEA56CB001A397E;
			remoteInfo = FlashCodeCalculatorForPad;
		};
/* End PBXContainerItemProxy section */

/* Begin PBXFileReference section */
		A1BD81601BEA56CB001A397E /* FlashCodeCalculatorForPad.app */ = {isa = PBXFileReference; explicitFileType = wrapper.application; includeInIndex = 0; path = FlashCodeCalculatorForPad.app; sourceTree = BUILT_PRODUCTS_DIR; };
		A1BD81641BEA56CB001A397E /* Info.plist */ = {isa = PBXFileReference; lastKnownFileType = text.plist.xml; path = Info.plist; sourceTree = "<group>"; };
		A1BD81651BEA56CB001A397E /* AppDelegate.swift */ = {isa = PBXFileReference; lastKnownFileType = sourcecode.swift; path = AppDelegate.swift; sourceTree = "<group>"; };
		A1BD81681BEA56CB001A397E /* FlashCodeCalculatorForPad.xcdatamodel */ = {isa = PBXFileReference; lastKnownFileType = wrapper.xcdatamodel; path = FlashCodeCalculatorForPad.xcdatamodel; sourceTree = "<group>"; };
		A1BD816A1BEA56CB001A397E /* ViewController.swift */ = {isa = PBXFileReference; lastKnownFileType = sourcecode.swift; path = ViewController.swift; sourceTree = "<group>"; };
		A1BD816D1BEA56CB001A397E /* Base */ = {isa = PBXFileReference; lastKnownFileType = file.storyboard; name = Base; path = Base.lproj/Main.storyboard; sourceTree = "<group>"; };
		A1BD816F1BEA56CB001A397E /* Images.xcassets */ = {isa = PBXFileReference; lastKnownFileType = folder.assetcatalog; path = Images.xcassets; sourceTree = "<group>"; };
		A1BD81721BEA56CB001A397E /* Base */ = {isa = PBXFileReference; lastKnownFileType = file.xib; name = Base; path = Base.lproj/LaunchScreen.xib; sourceTree = "<group>"; };
		A1BD81781BEA56CB001A397E /* FlashCodeCalculatorForPadTests.xctest */ = {isa = PBXFileReference; explicitFileType = wrapper.cfbundle; includeInIndex = 0; path = FlashCodeCalculatorForPadTests.xctest; sourceTree = BUILT_PRODUCTS_DIR; };
		A1BD817D1BEA56CB001A397E /* Info.plist */ = {isa = PBXFileReference; lastKnownFileType = text.plist.xml; path = Info.plist; sourceTree = "<group>"; };
		A1BD817E1BEA56CB001A397E /* FlashCodeCalculatorForPadTests.swift */ = {isa = PBXFileReference; lastKnownFileType = sourcecode.swift; path = FlashCodeCalculatorForPadTests.swift; sourceTree = "<group>"; };
/* End PBXFileReference section */

/* Begin PBXFrameworksBuildPhase section */
		A1BD815D1BEA56CB001A397E /* Frameworks */ = {
			isa = PBXFrameworksBuildPhase;
			buildActionMask = 2147483647;
			files = (
			);
			runOnlyForDeploymentPostprocessing = 0;
		};
		A1BD81751BEA56CB001A397E /* Frameworks */ = {
			isa = PBXFrameworksBuildPhase;
			buildActionMask = 2147483647;
			files = (
			);
			runOnlyForDeploymentPostprocessing = 0;
		};
/* End PBXFrameworksBuildPhase section */

/* Begin PBXGroup section */
		A1BD81571BEA56CB001A397E = {
			isa = PBXGroup;
			children = (
				A1BD81621BEA56CB001A397E /* FlashCodeCalculatorForPad */,
				A1BD817B1BEA56CB001A397E /* FlashCodeCalculatorForPadTests */,
				A1BD81611BEA56CB001A397E /* Products */,
			);
			sourceTree = "<group>";
		};
		A1BD81611BEA56CB001A397E /* Products */ = {
			isa = PBXGroup;
			children = (
				A1BD81601BEA56CB001A397E /* FlashCodeCalculatorForPad.app */,
				A1BD81781BEA56CB001A397E /* FlashCodeCalculatorForPadTests.xctest */,
			);
			name = Products;
			sourceTree = "<group>";
		};
		A1BD81621BEA56CB001A397E /* FlashCodeCalculatorForPad */ = {
			isa = PBXGroup;
			children = (
				A1BD81651BEA56CB001A397E /* AppDelegate.swift */,
				A1BD816A1BEA56CB001A397E /* ViewController.swift */,
				A1BD816C1BEA56CB001A397E /* Main.storyboard */,
				A1BD816F1BEA56CB001A397E /* Images.xcassets */,
				A1BD81711BEA56CB001A397E /* LaunchScreen.xib */,
				A1BD81671BEA56CB001A397E /* FlashCodeCalculatorForPad.xcdatamodeld */,
				A1BD81631BEA56CB001A397E /* Supporting Files */,
			);
			path = FlashCodeCalculatorForPad;
			sourceTree = "<group>";
		};
		A1BD81631BEA56CB001A397E /* Supporting Files */ = {
			isa = PBXGroup;
			children = (
				A1BD81641BEA56CB001A397E /* Info.plist */,
			);
			name = "Supporting Files";
			sourceTree = "<group>";
		};
		A1BD817B1BEA56CB001A397E /* FlashCodeCalculatorForPadTests */ = {
			isa = PBXGroup;
			children = (
				A1BD817E1BEA56CB001A397E /* FlashCodeCalculatorForPadTests.swift */,
				A1BD817C1BEA56CB001A397E /* Supporting Files */,
			);
			path = FlashCodeCalculatorForPadTests;
			sourceTree = "<group>";
		};
		A1BD817C1BEA56CB001A397E /* Supporting Files */ = {
			isa = PBXGroup;
			children = (
				A1BD817D1BEA56CB001A397E /* Info.plist */,
			);
			name = "Supporting Files";
			sourceTree = "<group>";
		};
/* End PBXGroup section */

/* Begin PBXNativeTarget section */
		A1BD815F1BEA56CB001A397E /* FlashCodeCalculatorForPad */ = {
			isa = PBXNativeTarget;
			buildConfigurationList = A1BD81821BEA56CB001A397E /* Build configuration list for PBXNativeTarget "FlashCodeCalculatorForPad" */;
			buildPhases = (
				A1BD815C1BEA56CB001A397E /* Sources */,
				A1BD815D1BEA56CB001A397E /* Frameworks */,
				A1BD815E1BEA56CB001A397E /* Resources */,
			);
			buildRules = (
			);
			dependencies = (
			);
			name = FlashCodeCalculatorForPad;
			productName = FlashCodeCalculatorForPad;
			productReference = A1BD81601BEA56CB001A397E /* FlashCodeCalculatorForPad.app */;
			productType = "com.apple.product-type.application";
		};
		A1BD81771BEA56CB001A397E /* FlashCodeCalculatorForPadTests */ = {
			isa = PBXNativeTarget;
			buildConfigurationList = A1BD81851BEA56CB001A397E /* Build configuration list for PBXNativeTarget "FlashCodeCalculatorForPadTests" */;
			buildPhases = (
				A1BD81741BEA56CB001A397E /* Sources */,
				A1BD81751BEA56CB001A397E /* Frameworks */,
				A1BD81761BEA56CB001A397E /* Resources */,
			);
			buildRules = (
			);
			dependencies = (
				A1BD817A1BEA56CB001A397E /* PBXTargetDependency */,
			);
			name = FlashCodeCalculatorForPadTests;
			productName = FlashCodeCalculatorForPadTests;
			productReference = A1BD81781BEA56CB001A397E /* FlashCodeCalculatorForPadTests.xctest */;
			productType = "com.apple.product-type.bundle.unit-test";
		};
/* End PBXNativeTarget section */

/* Begin PBXProject section */
		A1BD81581BEA56CB001A397E /* Project object */ = {
			isa = PBXProject;
			attributes = {
				LastUpgradeCheck = 0610;
				ORGANIZATIONNAME = Mot;
				TargetAttributes = {
					A1BD815F1BEA56CB001A397E = {
						CreatedOnToolsVersion = 6.1;
					};
					A1BD81771BEA56CB001A397E = {
						CreatedOnToolsVersion = 6.1;
						TestTargetID = A1BD815F1BEA56CB001A397E;
					};
				};
			};
			buildConfigurationList = A1BD815B1BEA56CB001A397E /* Build configuration list for PBXProject "FlashCodeCalculatorForPad" */;
			compatibilityVersion = "Xcode 3.2";
			developmentRegion = English;
			hasScannedForEncodings = 0;
			knownRegions = (
				en,
				Base,
			);
			mainGroup = A1BD81571BEA56CB001A397E;
			productRefGroup = A1BD81611BEA56CB001A397E /* Products */;
			projectDirPath = "";
			projectRoot = "";
			targets = (
				A1BD815F1BEA56CB001A397E /* FlashCodeCalculatorForPad */,
				A1BD81771BEA56CB001A397E /* FlashCodeCalculatorForPadTests */,
			);
		};
/* End PBXProject section */

/* Begin PBXResourcesBuildPhase section */
		A1BD815E1BEA56CB001A397E /* Resources */ = {
			isa = PBXResourcesBuildPhase;
			buildActionMask = 2147483647;
			files = (
				A1BD816E1BEA56CB001A397E /* Main.storyboard in Resources */,
				A1BD81731BEA56CB001A397E /* LaunchScreen.xib in Resources */,
				A1BD81701BEA56CB001A397E /* Images.xcassets in Resources */,
			);
			runOnlyForDeploymentPostprocessing = 0;
		};
		A1BD81761BEA56CB001A397E /* Resources */ = {
			isa = PBXResourcesBuildPhase;
			buildActionMask = 2147483647;
			files = (
			);
			runOnlyForDeploymentPostprocessing = 0;
		};
/* End PBXResourcesBuildPhase section */

/* Begin PBXSourcesBuildPhase section */
		A1BD815C1BEA56CB001A397E /* Sources */ = {
			isa = PBXSourcesBuildPhase;
			buildActionMask = 2147483647;
			files = (
				A1BD816B1BEA56CB001A397E /* ViewController.swift in Sources */,
				A1BD81661BEA56CB001A397E /* AppDelegate.swift in Sources */,
				A1BD81691BEA56CB001A397E /* FlashCodeCalculatorForPad.xcdatamodeld in Sources */,
			);
			runOnlyForDeploymentPostprocessing = 0;
		};
		A1BD81741BEA56CB001A397E /* Sources */ = {
			isa = PBXSourcesBuildPhase;
			buildActionMask = 2147483647;
			files = (
				A1BD817F1BEA56CB001A397E /* FlashCodeCalculatorForPadTests.swift in Sources */,
			);
			runOnlyForDeploymentPostprocessing = 0;
		};
/* End PBXSourcesBuildPhase section */

/* Begin PBXTargetDependency section */
		A1BD817A1BEA56CB001A397E /* PBXTargetDependency */ = {
			isa = PBXTargetDependency;
			target = A1BD815F1BEA56CB001A397E /* FlashCodeCalculatorForPad */;
			targetProxy = A1BD81791BEA56CB001A397E /* PBXContainerItemProxy */;
		};
/* End PBXTargetDependency section */

/* Begin PBXVariantGroup section */
		A1BD816C1BEA56CB001A397E /* Main.storyboard */ = {
			isa = PBXVariantGroup;
			children = (
				A1BD816D1BEA56CB001A397E /* Base */,
			);
			name = Main.storyboard;
			sourceTree = "<group>";
		};
		A1BD81711BEA56CB001A397E /* LaunchScreen.xib */ = {
			isa = PBXVariantGroup;
			children = (
				A1BD81721BEA56CB001A397E /* Base */,
			);
			name = LaunchScreen.xib;
			sourceTree = "<group>";
		};
/* End PBXVariantGroup section */

/* Begin XCBuildConfiguration section */
		A1BD81801BEA56CB001A397E /* Debug */ = {
			isa = XCBuildConfiguration;
			buildSettings = {
				ALWAYS_SEARCH_USER_PATHS = NO;
				CLANG_CXX_LANGUAGE_STANDARD = "gnu++0x";
				CLANG_CXX_LIBRARY = "libc++";
				CLANG_ENABLE_MODULES = YES;
				CLANG_ENABLE_OBJC_ARC = YES;
				CLANG_WARN_BOOL_CONVERSION = YES;
				CLANG_WARN_CONSTANT_CONVERSION = YES;
				CLANG_WARN_DIRECT_OBJC_ISA_USAGE = YES_ERROR;
				CLANG_WARN_EMPTY_BODY = YES;
				CLANG_WARN_ENUM_CONVERSION = YES;
				CLANG_WARN_INT_CONVERSION = YES;
				CLANG_WARN_OBJC_ROOT_CLASS = YES_ERROR;
				CLANG_WARN_UNREACHABLE_CODE = YES;
				CLANG_WARN__DUPLICATE_METHOD_MATCH = YES;
				"CODE_SIGN_IDENTITY[sdk=iphoneos*]" = "iPhone Developer";
				COPY_PHASE_STRIP = NO;
				ENABLE_STRICT_OBJC_MSGSEND = YES;
				GCC_C_LANGUAGE_STANDARD = gnu99;
				GCC_DYNAMIC_NO_PIC = NO;
				GCC_OPTIMIZATION_LEVEL = 0;
				GCC_PREPROCESSOR_DEFINITIONS = (
					"DEBUG=1",
					"$(inherited)",
				);
				GCC_SYMBOLS_PRIVATE_EXTERN = NO;
				GCC_WARN_64_TO_32_BIT_CONVERSION = YES;
				GCC_WARN_ABOUT_RETURN_TYPE = YES_ERROR;
				GCC_WARN_UNDECLARED_SELECTOR = YES;
				GCC_WARN_UNINITIALIZED_AUTOS = YES_AGGRESSIVE;
				GCC_WARN_UNUSED_FUNCTION = YES;
				GCC_WARN_UNUSED_VARIABLE = YES;
				IPHONEOS_DEPLOYMENT_TARGET = 8.1;
				MTL_ENABLE_DEBUG_INFO = YES;
				ONLY_ACTIVE_ARCH = YES;
				SDKROOT = iphoneos;
				SWIFT_OPTIMIZATION_LEVEL = "-Onone";
				TARGETED_DEVICE_FAMILY = 2;
			};
			name = Debug;
		};
		A1BD81811BEA56CB001A397E /* Release */ = {
			isa = XCBuildConfiguration;
			buildSettings = {
				ALWAYS_SEARCH_USER_PATHS = NO;
				CLANG_CXX_LANGUAGE_STANDARD = "gnu++0x";
				CLANG_CXX_LIBRARY = "libc++";
				CLANG_ENABLE_MODULES = YES;
				CLANG_ENABLE_OBJC_ARC = YES;
				CLANG_WARN_BOOL_CONVERSION = YES;
				CLANG_WARN_CONSTANT_CONVERSION = YES;
				CLANG_WARN_DIRECT_OBJC_ISA_USAGE = YES_ERROR;
				CLANG_WARN_EMPTY_BODY = YES;
				CLANG_WARN_ENUM_CONVERSION = YES;
				CLANG_WARN_INT_CONVERSION = YES;
				CLANG_WARN_OBJC_ROOT_CLASS = YES_ERROR;
				CLANG_WARN_UNREACHABLE_CODE = YES;
				CLANG_WARN__DUPLICATE_METHOD_MATCH = YES;
				"CODE_SIGN_IDENTITY[sdk=iphoneos*]" = "iPhone Developer";
				COPY_PHASE_STRIP = YES;
				ENABLE_NS_ASSERTIONS = NO;
				ENABLE_STRICT_OBJC_MSGSEND = YES;
				GCC_C_LANGUAGE_STANDARD = gnu99;
				GCC_WARN_64_TO_32_BIT_CONVERSION = YES;
				GCC_WARN_ABOUT_RETURN_TYPE = YES_ERROR;
				GCC_WARN_UNDECLARED_SELECTOR = YES;
				GCC_WARN_UNINITIALIZED_AUTOS = YES_AGGRESSIVE;
				GCC_WARN_UNUSED_FUNCTION = YES;
				GCC_WARN_UNUSED_VARIABLE = YES;
				IPHONEOS_DEPLOYMENT_TARGET = 8.1;
				MTL_ENABLE_DEBUG_INFO = NO;
				SDKROOT = iphoneos;
				TARGETED_DEVICE_FAMILY = 2;
				VALIDATE_PRODUCT = YES;
			};
			name = Release;
		};
		A1BD81831BEA56CB001A397E /* Debug */ = {
			isa = XCBuildConfiguration;
			buildSettings = {
				ASSETCATALOG_COMPILER_APPICON_NAME = AppIcon;
				INFOPLIST_FILE = FlashCodeCalculatorForPad/Info.plist;
				LD_RUNPATH_SEARCH_PATHS = "$(inherited) @executable_path/Frameworks";
				PRODUCT_NAME = "$(TARGET_NAME)";
			};
			name = Debug;
		};
		A1BD81841BEA56CB001A397E /* Release */ = {
			isa = XCBuildConfiguration;
			buildSettings = {
				ASSETCATALOG_COMPILER_APPICON_NAME = AppIcon;
				INFOPLIST_FILE = FlashCodeCalculatorForPad/Info.plist;
				LD_RUNPATH_SEARCH_PATHS = "$(inherited) @executable_path/Frameworks";
				PRODUCT_NAME = "$(TARGET_NAME)";
			};
			name = Release;
		};
		A1BD81861BEA56CB001A397E /* Debug */ = {
			isa = XCBuildConfiguration;
			buildSettings = {
				BUNDLE_LOADER = "$(TEST_HOST)";
				FRAMEWORK_SEARCH_PATHS = (
					"$(SDKROOT)/Developer/Library/Frameworks",
					"$(inherited)",
				);
				GCC_PREPROCESSOR_DEFINITIONS = (
					"DEBUG=1",
					"$(inherited)",
				);
				INFOPLIST_FILE = FlashCodeCalculatorForPadTests/Info.plist;
				LD_RUNPATH_SEARCH_PATHS = "$(inherited) @executable_path/Frameworks @loader_path/Frameworks";
				PRODUCT_NAME = "$(TARGET_NAME)";
				TEST_HOST = "$(BUILT_PRODUCTS_DIR)/FlashCodeCalculatorForPad.app/FlashCodeCalculatorForPad";
			};
			name = Debug;
		};
		A1BD81871BEA56CB001A397E /* Release */ = {
			isa = XCBuildConfiguration;
			buildSettings = {
				BUNDLE_LOADER = "$(TEST_HOST)";
				FRAMEWORK_SEARCH_PATHS = (
					"$(SDKROOT)/Developer/Library/Frameworks",
					"$(inherited)",
				);
				INFOPLIST_FILE = FlashCodeCalculatorForPadTests/Info.plist;
				LD_RUNPATH_SEARCH_PATHS = "$(inherited) @executable_path/Frameworks @loader_path/Frameworks";
				PRODUCT_NAME = "$(TARGET_NAME)";
				TEST_HOST = "$(BUILT_PRODUCTS_DIR)/FlashCodeCalculatorForPad.app/FlashCodeCalculatorForPad";
			};
			name = Release;
		};
/* End XCBuildConfiguration section */

/* Begin XCConfigurationList section */
		A1BD815B1BEA56CB001A397E /* Build configuration list for PBXProject "FlashCodeCalculatorForPad" */ = {
			isa = XCConfigurationList;
			buildConfigurations = (
				A1BD81801BEA56CB001A397E /* Debug */,
				A1BD81811BEA56CB001A397E /* Release */,
			);
			defaultConfigurationIsVisible = 0;
			defaultConfigurationName = Release;
		};
		A1BD81821BEA56CB001A397E /* Build configuration list for PBXNativeTarget "FlashCodeCalculatorForPad" */ = {
			isa = XCConfigurationList;
			buildConfigurations = (
				A1BD81831BEA56CB001A397E /* Debug */,
				A1BD81841BEA56CB001A397E /* Release */,
			);
			defaultConfigurationIsVisible = 0;
		};
		A1BD81851BEA56CB001A397E /* Build configuration list for PBXNativeTarget "FlashCodeCalculatorForPadTests" */ = {
			isa = XCConfigurationList;
			buildConfigurations = (
				A1BD81861BEA56CB001A397E /* Debug */,
				A1BD81871BEA56CB001A397E /* Release */,
			);
			defaultConfigurationIsVisible = 0;
		};
/* End XCConfigurationList section */

/* Begin XCVersionGroup section */
		A1BD81671BEA56CB001A397E /* FlashCodeCalculatorForPad.xcdatamodeld */ = {
			isa = XCVersionGroup;
			children = (
				A1BD81681BEA56CB001A397E /* FlashCodeCalculatorForPad.xcdatamodel */,
			);
			currentVersion = A1BD81681BEA56CB001A397E /* FlashCodeCalculatorForPad.xcdatamodel */;
			path = FlashCodeCalculatorForPad.xcdatamodeld;
			sourceTree = "<group>";
			versionGroupType = wrapper.xcdatamodel;
		};
/* End XCVersionGroup section */
	};
	rootObject = A1BD81581BEA56CB001A397E /* Project object */;
}
