// !$*UTF8*$!
{
	archiveVersion = 1;
	classes = {
	};
	objectVersion = 46;
	objects = {

/* Begin PBXBuildFile section */
		A160B11D1BF77E8D00A0F13D /* Radio.swift in Sources */ = {isa = PBXBuildFile; fileRef = A160B11C1BF77E8D00A0F13D /* Radio.swift */; };
		A160B11F1BF7824A00A0F13D /* Model.swift in Sources */ = {isa = PBXBuildFile; fileRef = A160B11E1BF7824A00A0F13D /* Model.swift */; };
		A160B1211BF782E700A0F13D /* DBCollection.swift in Sources */ = {isa = PBXBuildFile; fileRef = A160B1201BF782E700A0F13D /* DBCollection.swift */; };
		A160B1231BF786A600A0F13D /* Option.swift in Sources */ = {isa = PBXBuildFile; fileRef = A160B1221BF786A600A0F13D /* Option.swift */; };
		A17ED4421BEE3B0C009D06CF /* DatabaseHelper.swift in Sources */ = {isa = PBXBuildFile; fileRef = A17ED43E1BEE3B0C009D06CF /* DatabaseHelper.swift */; };
		A17ED4431BEE3B0C009D06CF /* DB.bundle in Resources */ = {isa = PBXBuildFile; fileRef = A17ED43F1BEE3B0C009D06CF /* DB.bundle */; };
		A17ED4461BEE3BBF009D06CF /* RadioFamily.swift in Sources */ = {isa = PBXBuildFile; fileRef = A17ED4451BEE3BBF009D06CF /* RadioFamily.swift */; };
		A17ED4481BEE4770009D06CF /* libsqlite3.dylib in Frameworks */ = {isa = PBXBuildFile; fileRef = A17ED4471BEE4770009D06CF /* libsqlite3.dylib */; };
		A1BD81661BEA56CB001A397E /* AppDelegate.swift in Sources */ = {isa = PBXBuildFile; fileRef = A1BD81651BEA56CB001A397E /* AppDelegate.swift */; };
		A1BD816B1BEA56CB001A397E /* ViewController.swift in Sources */ = {isa = PBXBuildFile; fileRef = A1BD816A1BEA56CB001A397E /* ViewController.swift */; };
		A1BD816E1BEA56CB001A397E /* Main.storyboard in Resources */ = {isa = PBXBuildFile; fileRef = A1BD816C1BEA56CB001A397E /* Main.storyboard */; };
		A1BD81701BEA56CB001A397E /* Images.xcassets in Resources */ = {isa = PBXBuildFile; fileRef = A1BD816F1BEA56CB001A397E /* Images.xcassets */; };
		A1BD81731BEA56CB001A397E /* LaunchScreen.xib in Resources */ = {isa = PBXBuildFile; fileRef = A1BD81711BEA56CB001A397E /* LaunchScreen.xib */; };
		A1BD817F1BEA56CB001A397E /* FlashCodeCalculatorForPadTests.swift in Sources */ = {isa = PBXBuildFile; fileRef = A1BD817E1BEA56CB001A397E /* FlashCodeCalculatorForPadTests.swift */; };
		A1C471951BF0D95000431922 /* HOption.swift in Sources */ = {isa = PBXBuildFile; fileRef = A1C471941BF0D95000431922 /* HOption.swift */; };
		A1C471971BF0DFDF00431922 /* FrequencyBand.swift in Sources */ = {isa = PBXBuildFile; fileRef = A1C471961BF0DFDF00431922 /* FrequencyBand.swift */; };
		A1C471991BF0F3C300431922 /* FrequencyBandModelNumber.swift in Sources */ = {isa = PBXBuildFile; fileRef = A1C471981BF0F3C300431922 /* FrequencyBandModelNumber.swift */; };
		A1C4719B1BF0F59000431922 /* FLASHCodeLetter.swift in Sources */ = {isa = PBXBuildFile; fileRef = A1C4719A1BF0F59000431922 /* FLASHCodeLetter.swift */; };
		A1C4719D1BF0F74300431922 /* HOptionCompatibility.swift in Sources */ = {isa = PBXBuildFile; fileRef = A1C4719C1BF0F74300431922 /* HOptionCompatibility.swift */; };
		A1C4719F1BF0F8C500431922 /* ModelNumber.swift in Sources */ = {isa = PBXBuildFile; fileRef = A1C4719E1BF0F8C500431922 /* ModelNumber.swift */; };
		A1C471A11BF0FA2400431922 /* ModelNumberToHOptionCompatibility.swift in Sources */ = {isa = PBXBuildFile; fileRef = A1C471A01BF0FA2400431922 /* ModelNumberToHOptionCompatibility.swift */; };
/* End PBXBuildFile section */

/* Begin PBXContainerItemProxy section */
		A1BD81791BEA56CB001A397E /* PBXContainerItemProxy */ = {
			isa = PBXContainerItemProxy;
			containerPortal = A1BD81581BEA56CB001A397E /* Project object */;
			proxyType = 1;
			remoteGlobalIDString = A1BD815F1BEA56CB001A397E;
			remoteInfo = FlashCodeCalculatorForPad;
		};
/* End PBXContainerItemProxy section */

/* Begin PBXFileReference section */
		A160B11C1BF77E8D00A0F13D /* Radio.swift */ = {isa = PBXFileReference; fileEncoding = 4; lastKnownFileType = sourcecode.swift; name = Radio.swift; path = BusinessLayer/Radio.swift; sourceTree = "<group>"; };
		A160B11E1BF7824A00A0F13D /* Model.swift */ = {isa = PBXFileReference; fileEncoding = 4; lastKnownFileType = sourcecode.swift; name = Model.swift; path = BusinessLayer/Model.swift; sourceTree = "<group>"; };
		A160B1201BF782E700A0F13D /* DBCollection.swift */ = {isa = PBXFileReference; fileEncoding = 4; lastKnownFileType = sourcecode.swift; name = DBCollection.swift; path = BusinessLayer/DBCollection.swift; sourceTree = "<group>"; };
		A160B1221BF786A600A0F13D /* Option.swift */ = {isa = PBXFileReference; fileEncoding = 4; lastKnownFileType = sourcecode.swift; name = Option.swift; path = BusinessLayer/Option.swift; sourceTree = "<group>"; };
		A17ED43E1BEE3B0C009D06CF /* DatabaseHelper.swift */ = {isa = PBXFileReference; fileEncoding = 4; lastKnownFileType = sourcecode.swift; name = DatabaseHelper.swift; path = DatabaseLayer/DatabaseHelper.swift; sourceTree = "<group>"; };
		A17ED43F1BEE3B0C009D06CF /* DB.bundle */ = {isa = PBXFileReference; lastKnownFileType = "wrapper.plug-in"; name = DB.bundle; path = DatabaseLayer/DB.bundle; sourceTree = "<group>"; };
		A17ED4451BEE3BBF009D06CF /* RadioFamily.swift */ = {isa = PBXFileReference; fileEncoding = 4; lastKnownFileType = sourcecode.swift; name = RadioFamily.swift; path = DatabaseLayer/RadioFamily.swift; sourceTree = "<group>"; };
		A17ED4471BEE4770009D06CF /* libsqlite3.dylib */ = {isa = PBXFileReference; lastKnownFileType = "compiled.mach-o.dylib"; name = libsqlite3.dylib; path = usr/lib/libsqlite3.dylib; sourceTree = SDKROOT; };
		A17ED4491BEE4ACA009D06CF /* Bridging-Header.h */ = {isa = PBXFileReference; lastKnownFileType = sourcecode.c.h; name = "Bridging-Header.h"; path = "DatabaseLayer/Bridging-Header.h"; sourceTree = "<group>"; };
		A1BD81601BEA56CB001A397E /* FlashCodeCalculatorForPad.app */ = {isa = PBXFileReference; explicitFileType = wrapper.application; includeInIndex = 0; path = FlashCodeCalculatorForPad.app; sourceTree = BUILT_PRODUCTS_DIR; };
		A1BD81641BEA56CB001A397E /* Info.plist */ = {isa = PBXFileReference; lastKnownFileType = text.plist.xml; path = Info.plist; sourceTree = "<group>"; };
		A1BD81651BEA56CB001A397E /* AppDelegate.swift */ = {isa = PBXFileReference; lastKnownFileType = sourcecode.swift; path = AppDelegate.swift; sourceTree = "<group>"; };
		A1BD816A1BEA56CB001A397E /* ViewController.swift */ = {isa = PBXFileReference; lastKnownFileType = sourcecode.swift; path = ViewController.swift; sourceTree = "<group>"; };
		A1BD816D1BEA56CB001A397E /* Base */ = {isa = PBXFileReference; lastKnownFileType = file.storyboard; name = Base; path = Base.lproj/Main.storyboard; sourceTree = "<group>"; };
		A1BD816F1BEA56CB001A397E /* Images.xcassets */ = {isa = PBXFileReference; lastKnownFileType = folder.assetcatalog; path = Images.xcassets; sourceTree = "<group>"; };
		A1BD81721BEA56CB001A397E /* Base */ = {isa = PBXFileReference; lastKnownFileType = file.xib; name = Base; path = Base.lproj/LaunchScreen.xib; sourceTree = "<group>"; };
		A1BD81781BEA56CB001A397E /* FlashCodeCalculatorForPadTests.xctest */ = {isa = PBXFileReference; explicitFileType = wrapper.cfbundle; includeInIndex = 0; path = FlashCodeCalculatorForPadTests.xctest; sourceTree = BUILT_PRODUCTS_DIR; };
		A1BD817D1BEA56CB001A397E /* Info.plist */ = {isa = PBXFileReference; lastKnownFileType = text.plist.xml; path = Info.plist; sourceTree = "<group>"; };
		A1BD817E1BEA56CB001A397E /* FlashCodeCalculatorForPadTests.swift */ = {isa = PBXFileReference; lastKnownFileType = sourcecode.swift; path = FlashCodeCalculatorForPadTests.swift; sourceTree = "<group>"; };
		A1C471941BF0D95000431922 /* HOption.swift */ = {isa = PBXFileReference; fileEncoding = 4; lastKnownFileType = sourcecode.swift; name = HOption.swift; path = DatabaseLayer/HOption.swift; sourceTree = "<group>"; };
		A1C471961BF0DFDF00431922 /* FrequencyBand.swift */ = {isa = PBXFileReference; fileEncoding = 4; lastKnownFileType = sourcecode.swift; name = FrequencyBand.swift; path = DatabaseLayer/FrequencyBand.swift; sourceTree = "<group>"; };
		A1C471981BF0F3C300431922 /* FrequencyBandModelNumber.swift */ = {isa = PBXFileReference; fileEncoding = 4; lastKnownFileType = sourcecode.swift; name = FrequencyBandModelNumber.swift; path = DatabaseLayer/FrequencyBandModelNumber.swift; sourceTree = "<group>"; };
		A1C4719A1BF0F59000431922 /* FLASHCodeLetter.swift */ = {isa = PBXFileReference; fileEncoding = 4; lastKnownFileType = sourcecode.swift; name = FLASHCodeLetter.swift; path = DatabaseLayer/FLASHCodeLetter.swift; sourceTree = "<group>"; };
		A1C4719C1BF0F74300431922 /* HOptionCompatibility.swift */ = {isa = PBXFileReference; fileEncoding = 4; lastKnownFileType = sourcecode.swift; name = HOptionCompatibility.swift; path = DatabaseLayer/HOptionCompatibility.swift; sourceTree = "<group>"; };
		A1C4719E1BF0F8C500431922 /* ModelNumber.swift */ = {isa = PBXFileReference; fileEncoding = 4; lastKnownFileType = sourcecode.swift; name = ModelNumber.swift; path = DatabaseLayer/ModelNumber.swift; sourceTree = "<group>"; };
		A1C471A01BF0FA2400431922 /* ModelNumberToHOptionCompatibility.swift */ = {isa = PBXFileReference; fileEncoding = 4; lastKnownFileType = sourcecode.swift; name = ModelNumberToHOptionCompatibility.swift; path = DatabaseLayer/ModelNumberToHOptionCompatibility.swift; sourceTree = "<group>"; };
/* End PBXFileReference section */

/* Begin PBXFrameworksBuildPhase section */
		A1BD815D1BEA56CB001A397E /* Frameworks */ = {
			isa = PBXFrameworksBuildPhase;
			buildActionMask = 2147483647;
			files = (
				A17ED4481BEE4770009D06CF /* libsqlite3.dylib in Frameworks */,
			);
			runOnlyForDeploymentPostprocessing = 0;
		};
		A1BD81751BEA56CB001A397E /* Frameworks */ = {
			isa = PBXFrameworksBuildPhase;
			buildActionMask = 2147483647;
			files = (
			);
			runOnlyForDeploymentPostprocessing = 0;
		};
/* End PBXFrameworksBuildPhase section */

/* Begin PBXGroup section */
		A15E42FC1BEA57930046C23D /* BusinessLayer */ = {
			isa = PBXGroup;
			children = (
				A160B11C1BF77E8D00A0F13D /* Radio.swift */,
				A160B11E1BF7824A00A0F13D /* Model.swift */,
				A160B1201BF782E700A0F13D /* DBCollection.swift */,
				A160B1221BF786A600A0F13D /* Option.swift */,
			);
			name = BusinessLayer;
			sourceTree = "<group>";
		};
		A15E42FD1BEA579B0046C23D /* DatabaseLayer */ = {
			isa = PBXGroup;
			children = (
				A17ED4451BEE3BBF009D06CF /* RadioFamily.swift */,
				A17ED43E1BEE3B0C009D06CF /* DatabaseHelper.swift */,
				A17ED43F1BEE3B0C009D06CF /* DB.bundle */,
				A17ED4491BEE4ACA009D06CF /* Bridging-Header.h */,
				A1C471941BF0D95000431922 /* HOption.swift */,
				A1C471961BF0DFDF00431922 /* FrequencyBand.swift */,
				A1C471981BF0F3C300431922 /* FrequencyBandModelNumber.swift */,
				A1C4719A1BF0F59000431922 /* FLASHCodeLetter.swift */,
				A1C4719C1BF0F74300431922 /* HOptionCompatibility.swift */,
				A1C4719E1BF0F8C500431922 /* ModelNumber.swift */,
				A1C471A01BF0FA2400431922 /* ModelNumberToHOptionCompatibility.swift */,
			);
			name = DatabaseLayer;
			sourceTree = "<group>";
		};
		A1BD81571BEA56CB001A397E = {
			isa = PBXGroup;
			children = (
				A17ED4471BEE4770009D06CF /* libsqlite3.dylib */,
				A15E42FD1BEA579B0046C23D /* DatabaseLayer */,
				A15E42FC1BEA57930046C23D /* BusinessLayer */,
				A1BD81621BEA56CB001A397E /* FlashCodeCalculatorForPad */,
				A1BD817B1BEA56CB001A397E /* FlashCodeCalculatorForPadTests */,
				A1BD81611BEA56CB001A397E /* Products */,
			);
			sourceTree = "<group>";
		};
		A1BD81611BEA56CB001A397E /* Products */ = {
			isa = PBXGroup;
			children = (
				A1BD81601BEA56CB001A397E /* FlashCodeCalculatorForPad.app */,
				A1BD81781BEA56CB001A397E /* FlashCodeCalculatorForPadTests.xctest */,
			);
			name = Products;
			sourceTree = "<group>";
		};
		A1BD81621BEA56CB001A397E /* FlashCodeCalculatorForPad */ = {
			isa = PBXGroup;
			children = (
				A1BD816A1BEA56CB001A397E /* ViewController.swift */,
				A1BD816C1BEA56CB001A397E /* Main.storyboard */,
				A1BD81631BEA56CB001A397E /* Supporting Files */,
			);
			path = FlashCodeCalculatorForPad;
			sourceTree = "<group>";
		};
		A1BD81631BEA56CB001A397E /* Supporting Files */ = {
			isa = PBXGroup;
			children = (
				A1BD81711BEA56CB001A397E /* LaunchScreen.xib */,
				A1BD816F1BEA56CB001A397E /* Images.xcassets */,
				A1BD81651BEA56CB001A397E /* AppDelegate.swift */,
				A1BD81641BEA56CB001A397E /* Info.plist */,
			);
			name = "Supporting Files";
			sourceTree = "<group>";
		};
		A1BD817B1BEA56CB001A397E /* FlashCodeCalculatorForPadTests */ = {
			isa = PBXGroup;
			children = (
				A1BD817E1BEA56CB001A397E /* FlashCodeCalculatorForPadTests.swift */,
				A1BD817C1BEA56CB001A397E /* Supporting Files */,
			);
			path = FlashCodeCalculatorForPadTests;
			sourceTree = "<group>";
		};
		A1BD817C1BEA56CB001A397E /* Supporting Files */ = {
			isa = PBXGroup;
			children = (
				A1BD817D1BEA56CB001A397E /* Info.plist */,
			);
			name = "Supporting Files";
			sourceTree = "<group>";
		};
/* End PBXGroup section */

/* Begin PBXNativeTarget section */
		A1BD815F1BEA56CB001A397E /* FlashCodeCalculatorForPad */ = {
			isa = PBXNativeTarget;
			buildConfigurationList = A1BD81821BEA56CB001A397E /* Build configuration list for PBXNativeTarget "FlashCodeCalculatorForPad" */;
			buildPhases = (
				A1BD815C1BEA56CB001A397E /* Sources */,
				A1BD815D1BEA56CB001A397E /* Frameworks */,
				A1BD815E1BEA56CB001A397E /* Resources */,
			);
			buildRules = (
			);
			dependencies = (
			);
			name = FlashCodeCalculatorForPad;
			productName = FlashCodeCalculatorForPad;
			productReference = A1BD81601BEA56CB001A397E /* FlashCodeCalculatorForPad.app */;
			productType = "com.apple.product-type.application";
		};
		A1BD81771BEA56CB001A397E /* FlashCodeCalculatorForPadTests */ = {
			isa = PBXNativeTarget;
			buildConfigurationList = A1BD81851BEA56CB001A397E /* Build configuration list for PBXNativeTarget "FlashCodeCalculatorForPadTests" */;
			buildPhases = (
				A1BD81741BEA56CB001A397E /* Sources */,
				A1BD81751BEA56CB001A397E /* Frameworks */,
				A1BD81761BEA56CB001A397E /* Resources */,
			);
			buildRules = (
			);
			dependencies = (
				A1BD817A1BEA56CB001A397E /* PBXTargetDependency */,
			);
			name = FlashCodeCalculatorForPadTests;
			productName = FlashCodeCalculatorForPadTests;
			productReference = A1BD81781BEA56CB001A397E /* FlashCodeCalculatorForPadTests.xctest */;
			productType = "com.apple.product-type.bundle.unit-test";
		};
/* End PBXNativeTarget section */

/* Begin PBXProject section */
		A1BD81581BEA56CB001A397E /* Project object */ = {
			isa = PBXProject;
			attributes = {
				LastUpgradeCheck = 0610;
				ORGANIZATIONNAME = Mot;
				TargetAttributes = {
					A1BD815F1BEA56CB001A397E = {
						CreatedOnToolsVersion = 6.1;
					};
					A1BD81771BEA56CB001A397E = {
						CreatedOnToolsVersion = 6.1;
						TestTargetID = A1BD815F1BEA56CB001A397E;
					};
				};
			};
			buildConfigurationList = A1BD815B1BEA56CB001A397E /* Build configuration list for PBXProject "FlashCodeCalculatorForPad" */;
			compatibilityVersion = "Xcode 3.2";
			developmentRegion = English;
			hasScannedForEncodings = 0;
			knownRegions = (
				en,
				Base,
			);
			mainGroup = A1BD81571BEA56CB001A397E;
			productRefGroup = A1BD81611BEA56CB001A397E /* Products */;
			projectDirPath = "";
			projectRoot = "";
			targets = (
				A1BD815F1BEA56CB001A397E /* FlashCodeCalculatorForPad */,
				A1BD81771BEA56CB001A397E /* FlashCodeCalculatorForPadTests */,
			);
		};
/* End PBXProject section */

/* Begin PBXResourcesBuildPhase section */
		A1BD815E1BEA56CB001A397E /* Resources */ = {
			isa = PBXResourcesBuildPhase;
			buildActionMask = 2147483647;
			files = (
				A1BD816E1BEA56CB001A397E /* Main.storyboard in Resources */,
				A1BD81731BEA56CB001A397E /* LaunchScreen.xib in Resources */,
				A1BD81701BEA56CB001A397E /* Images.xcassets in Resources */,
				A17ED4431BEE3B0C009D06CF /* DB.bundle in Resources */,
			);
			runOnlyForDeploymentPostprocessing = 0;
		};
		A1BD81761BEA56CB001A397E /* Resources */ = {
			isa = PBXResourcesBuildPhase;
			buildActionMask = 2147483647;
			files = (
			);
			runOnlyForDeploymentPostprocessing = 0;
		};
/* End PBXResourcesBuildPhase section */

/* Begin PBXSourcesBuildPhase section */
		A1BD815C1BEA56CB001A397E /* Sources */ = {
			isa = PBXSourcesBuildPhase;
			buildActionMask = 2147483647;
			files = (
				A17ED4421BEE3B0C009D06CF /* DatabaseHelper.swift in Sources */,
				A160B1211BF782E700A0F13D /* DBCollection.swift in Sources */,
				A1C4719B1BF0F59000431922 /* FLASHCodeLetter.swift in Sources */,
				A1C471951BF0D95000431922 /* HOption.swift in Sources */,
				A1C471A11BF0FA2400431922 /* ModelNumberToHOptionCompatibility.swift in Sources */,
				A17ED4461BEE3BBF009D06CF /* RadioFamily.swift in Sources */,
				A160B11D1BF77E8D00A0F13D /* Radio.swift in Sources */,
				A160B1231BF786A600A0F13D /* Option.swift in Sources */,
				A1C4719D1BF0F74300431922 /* HOptionCompatibility.swift in Sources */,
				A1BD816B1BEA56CB001A397E /* ViewController.swift in Sources */,
				A1C471991BF0F3C300431922 /* FrequencyBandModelNumber.swift in Sources */,
				A1BD81661BEA56CB001A397E /* AppDelegate.swift in Sources */,
				A160B11F1BF7824A00A0F13D /* Model.swift in Sources */,
				A1C4719F1BF0F8C500431922 /* ModelNumber.swift in Sources */,
				A1C471971BF0DFDF00431922 /* FrequencyBand.swift in Sources */,
			);
			runOnlyForDeploymentPostprocessing = 0;
		};
		A1BD81741BEA56CB001A397E /* Sources */ = {
			isa = PBXSourcesBuildPhase;
			buildActionMask = 2147483647;
			files = (
				A1BD817F1BEA56CB001A397E /* FlashCodeCalculatorForPadTests.swift in Sources */,
			);
			runOnlyForDeploymentPostprocessing = 0;
		};
/* End PBXSourcesBuildPhase section */

/* Begin PBXTargetDependency section */
		A1BD817A1BEA56CB001A397E /* PBXTargetDependency */ = {
			isa = PBXTargetDependency;
			target = A1BD815F1BEA56CB001A397E /* FlashCodeCalculatorForPad */;
			targetProxy = A1BD81791BEA56CB001A397E /* PBXContainerItemProxy */;
		};
/* End PBXTargetDependency section */

/* Begin PBXVariantGroup section */
		A1BD816C1BEA56CB001A397E /* Main.storyboard */ = {
			isa = PBXVariantGroup;
			children = (
				A1BD816D1BEA56CB001A397E /* Base */,
			);
			name = Main.storyboard;
			sourceTree = "<group>";
		};
		A1BD81711BEA56CB001A397E /* LaunchScreen.xib */ = {
			isa = PBXVariantGroup;
			children = (
				A1BD81721BEA56CB001A397E /* Base */,
			);
			name = LaunchScreen.xib;
			sourceTree = "<group>";
		};
/* End PBXVariantGroup section */

/* Begin XCBuildConfiguration section */
		A1BD81801BEA56CB001A397E /* Debug */ = {
			isa = XCBuildConfiguration;
			buildSettings = {
				ALWAYS_SEARCH_USER_PATHS = NO;
				CLANG_CXX_LANGUAGE_STANDARD = "gnu++0x";
				CLANG_CXX_LIBRARY = "libc++";
				CLANG_ENABLE_MODULES = YES;
				CLANG_ENABLE_OBJC_ARC = YES;
				CLANG_WARN_BOOL_CONVERSION = YES;
				CLANG_WARN_CONSTANT_CONVERSION = YES;
				CLANG_WARN_DIRECT_OBJC_ISA_USAGE = YES_ERROR;
				CLANG_WARN_EMPTY_BODY = YES;
				CLANG_WARN_ENUM_CONVERSION = YES;
				CLANG_WARN_INT_CONVERSION = YES;
				CLANG_WARN_OBJC_ROOT_CLASS = YES_ERROR;
				CLANG_WARN_UNREACHABLE_CODE = YES;
				CLANG_WARN__DUPLICATE_METHOD_MATCH = YES;
				"CODE_SIGN_IDENTITY[sdk=iphoneos*]" = "iPhone Developer";
				COPY_PHASE_STRIP = NO;
				ENABLE_STRICT_OBJC_MSGSEND = YES;
				GCC_C_LANGUAGE_STANDARD = gnu99;
				GCC_DYNAMIC_NO_PIC = NO;
				GCC_OPTIMIZATION_LEVEL = 0;
				GCC_PREPROCESSOR_DEFINITIONS = (
					"DEBUG=1",
					"$(inherited)",
				);
				GCC_SYMBOLS_PRIVATE_EXTERN = NO;
				GCC_WARN_64_TO_32_BIT_CONVERSION = YES;
				GCC_WARN_ABOUT_RETURN_TYPE = YES_ERROR;
				GCC_WARN_UNDECLARED_SELECTOR = YES;
				GCC_WARN_UNINITIALIZED_AUTOS = YES_AGGRESSIVE;
				GCC_WARN_UNUSED_FUNCTION = YES;
				GCC_WARN_UNUSED_VARIABLE = YES;
				IPHONEOS_DEPLOYMENT_TARGET = 8.1;
				MTL_ENABLE_DEBUG_INFO = YES;
				ONLY_ACTIVE_ARCH = YES;
				SDKROOT = iphoneos;
				SWIFT_OPTIMIZATION_LEVEL = "-Onone";
				TARGETED_DEVICE_FAMILY = 2;
			};
			name = Debug;
		};
		A1BD81811BEA56CB001A397E /* Release */ = {
			isa = XCBuildConfiguration;
			buildSettings = {
				ALWAYS_SEARCH_USER_PATHS = NO;
				CLANG_CXX_LANGUAGE_STANDARD = "gnu++0x";
				CLANG_CXX_LIBRARY = "libc++";
				CLANG_ENABLE_MODULES = YES;
				CLANG_ENABLE_OBJC_ARC = YES;
				CLANG_WARN_BOOL_CONVERSION = YES;
				CLANG_WARN_CONSTANT_CONVERSION = YES;
				CLANG_WARN_DIRECT_OBJC_ISA_USAGE = YES_ERROR;
				CLANG_WARN_EMPTY_BODY = YES;
				CLANG_WARN_ENUM_CONVERSION = YES;
				CLANG_WARN_INT_CONVERSION = YES;
				CLANG_WARN_OBJC_ROOT_CLASS = YES_ERROR;
				CLANG_WARN_UNREACHABLE_CODE = YES;
				CLANG_WARN__DUPLICATE_METHOD_MATCH = YES;
				"CODE_SIGN_IDENTITY[sdk=iphoneos*]" = "iPhone Developer";
				COPY_PHASE_STRIP = YES;
				ENABLE_NS_ASSERTIONS = NO;
				ENABLE_STRICT_OBJC_MSGSEND = YES;
				GCC_C_LANGUAGE_STANDARD = gnu99;
				GCC_WARN_64_TO_32_BIT_CONVERSION = YES;
				GCC_WARN_ABOUT_RETURN_TYPE = YES_ERROR;
				GCC_WARN_UNDECLARED_SELECTOR = YES;
				GCC_WARN_UNINITIALIZED_AUTOS = YES_AGGRESSIVE;
				GCC_WARN_UNUSED_FUNCTION = YES;
				GCC_WARN_UNUSED_VARIABLE = YES;
				IPHONEOS_DEPLOYMENT_TARGET = 8.1;
				MTL_ENABLE_DEBUG_INFO = NO;
				SDKROOT = iphoneos;
				TARGETED_DEVICE_FAMILY = 2;
				VALIDATE_PRODUCT = YES;
			};
			name = Release;
		};
		A1BD81831BEA56CB001A397E /* Debug */ = {
			isa = XCBuildConfiguration;
			buildSettings = {
				ASSETCATALOG_COMPILER_APPICON_NAME = AppIcon;
				INFOPLIST_FILE = FlashCodeCalculatorForPad/Info.plist;
				IPHONEOS_DEPLOYMENT_TARGET = 7.1;
				LD_RUNPATH_SEARCH_PATHS = "$(inherited) @executable_path/Frameworks";
				PRODUCT_NAME = "$(TARGET_NAME)";
				SWIFT_OBJC_BRIDGING_HEADER = "DatabaseLayer/Bridging-Header.h";
			};
			name = Debug;
		};
		A1BD81841BEA56CB001A397E /* Release */ = {
			isa = XCBuildConfiguration;
			buildSettings = {
				ASSETCATALOG_COMPILER_APPICON_NAME = AppIcon;
				INFOPLIST_FILE = FlashCodeCalculatorForPad/Info.plist;
				IPHONEOS_DEPLOYMENT_TARGET = 7.1;
				LD_RUNPATH_SEARCH_PATHS = "$(inherited) @executable_path/Frameworks";
				PRODUCT_NAME = "$(TARGET_NAME)";
				SWIFT_OBJC_BRIDGING_HEADER = "DatabaseLayer/Bridging-Header.h";
			};
			name = Release;
		};
		A1BD81861BEA56CB001A397E /* Debug */ = {
			isa = XCBuildConfiguration;
			buildSettings = {
				BUNDLE_LOADER = "$(TEST_HOST)";
				FRAMEWORK_SEARCH_PATHS = (
					"$(SDKROOT)/Developer/Library/Frameworks",
					"$(inherited)",
				);
				GCC_PREPROCESSOR_DEFINITIONS = (
					"DEBUG=1",
					"$(inherited)",
				);
				INFOPLIST_FILE = FlashCodeCalculatorForPadTests/Info.plist;
				LD_RUNPATH_SEARCH_PATHS = "$(inherited) @executable_path/Frameworks @loader_path/Frameworks";
				PRODUCT_NAME = "$(TARGET_NAME)";
				TEST_HOST = "$(BUILT_PRODUCTS_DIR)/FlashCodeCalculatorForPad.app/FlashCodeCalculatorForPad";
			};
			name = Debug;
		};
		A1BD81871BEA56CB001A397E /* Release */ = {
			isa = XCBuildConfiguration;
			buildSettings = {
				BUNDLE_LOADER = "$(TEST_HOST)";
				FRAMEWORK_SEARCH_PATHS = (
					"$(SDKROOT)/Developer/Library/Frameworks",
					"$(inherited)",
				);
				INFOPLIST_FILE = FlashCodeCalculatorForPadTests/Info.plist;
				LD_RUNPATH_SEARCH_PATHS = "$(inherited) @executable_path/Frameworks @loader_path/Frameworks";
				PRODUCT_NAME = "$(TARGET_NAME)";
				TEST_HOST = "$(BUILT_PRODUCTS_DIR)/FlashCodeCalculatorForPad.app/FlashCodeCalculatorForPad";
			};
			name = Release;
		};
/* End XCBuildConfiguration section */

/* Begin XCConfigurationList section */
		A1BD815B1BEA56CB001A397E /* Build configuration list for PBXProject "FlashCodeCalculatorForPad" */ = {
			isa = XCConfigurationList;
			buildConfigurations = (
				A1BD81801BEA56CB001A397E /* Debug */,
				A1BD81811BEA56CB001A397E /* Release */,
			);
			defaultConfigurationIsVisible = 0;
			defaultConfigurationName = Release;
		};
		A1BD81821BEA56CB001A397E /* Build configuration list for PBXNativeTarget "FlashCodeCalculatorForPad" */ = {
			isa = XCConfigurationList;
			buildConfigurations = (
				A1BD81831BEA56CB001A397E /* Debug */,
				A1BD81841BEA56CB001A397E /* Release */,
			);
			defaultConfigurationIsVisible = 0;
			defaultConfigurationName = Release;
		};
		A1BD81851BEA56CB001A397E /* Build configuration list for PBXNativeTarget "FlashCodeCalculatorForPadTests" */ = {
			isa = XCConfigurationList;
			buildConfigurations = (
				A1BD81861BEA56CB001A397E /* Debug */,
				A1BD81871BEA56CB001A397E /* Release */,
			);
			defaultConfigurationIsVisible = 0;
			defaultConfigurationName = Release;
		};
/* End XCConfigurationList section */
	};
	rootObject = A1BD81581BEA56CB001A397E /* Project object */;
}
